{
  "originHash" : "8df35307fc97850e47c54f93cac898a07d0ae39d23d978138ec71bddf73768f3",
  "pins" : [
    {
      "identity" : "iprogresshud",
      "kind" : "remoteSourceControl",
      "location" : "https://github.com/rudifa/iProgressHUD",
      "state" : {
        "revision" : "0518b41737cbde5d822c9b7601d2a7311853b72f",
        "version" : "1.0.0"
      }
    }
  ],
  "version" : 3
}
